
Microsoft Visual Studio Solution File, Format Version 12.00
# Visual Studio Version 17
VisualStudioVersion = 17.0.32014.148
MinimumVisualStudioVersion = 10.0.40219.1
Project("{FAE04EC0-301F-11D3-BF4B-00C04F79EFBC}") = "CommandDesignPattern", "CommandDesignPattern\CommandDesignPattern.csproj", "{E5D811A4-116D-4857-8F34-316CBE320F39}"
EndProject
Global
	GlobalSection(SolutionConfigurationPlatforms) = preSolution
		Debug|Any CPU = Debug|Any CPU
		Release|Any CPU = Release|Any CPU
	EndGlobalSection
	GlobalSection(ProjectConfigurationPlatforms) = postSolution
		{E5D811A4-116D-4857-8F34-316CBE320F39}.Debug|Any CPU.ActiveCfg = Debug|Any CPU
		{E5D811A4-116D-4857-8F34-316CBE320F39}.Debug|Any CPU.Build.0 = Debug|Any CPU
		{E5D811A4-116D-4857-8F34-316CBE320F39}.Release|Any CPU.ActiveCfg = Release|Any CPU
		{E5D811A4-116D-4857-8F34-316CBE320F39}.Release|Any CPU.Build.0 = Release|Any CPU
	EndGlobalSection
	GlobalSection(SolutionProperties) = preSolution
		HideSolutionNode = FALSE
	EndGlobalSection
	GlobalSection(ExtensibilityGlobals) = postSolution
		SolutionGuid = {C0624632-4674-4464-91C4-797E9A5E94BF}
	EndGlobalSection
EndGlobal
